lockfileVersion: '6.0'

settings:
  autoInstallPeers: true
  excludeLinksFromLockfile: false

dependencies:
  surrealdb.js:
    specifier: ^0.11.0
    version: 0.11.0

devDependencies:
  '@types/node':
    specifier: ^20.9.0
    version: 20.9.0
  east:
    specifier: ^2.0.3
    version: 2.0.3
  typescript:
    specifier: ^5.2.2
    version: 5.2.2

packages:

  /@types/node@20.9.0:
    resolution: {integrity: sha512-nekiGu2NDb1BcVofVcEKMIwzlx4NjHlcjhoxxKBNLtz15Y1z7MYf549DFvkHSId02Ax6kGwWntIBPC3l/JZcmw==}
    dependencies:
      undici-types: 5.26.5
    dev: true

  /aggregate-error@3.1.0:
    resolution: {integrity: sha512-4I7Td01quW/RpocfNayFdFVk1qSuoh0E7JrbRJ16nH01HhKFQ88INq9Sd+nd72zqRySlr9BmDA8xlEJ6vJMrYA==}
    engines: {node: '>=8'}
    dependencies:
      clean-stack: 2.2.0
      indent-string: 4.0.0
    dev: true

  /clean-stack@2.2.0:
    resolution: {integrity: sha512-4diC9HaTE+KRAMWhDhrGOECgWZxoevMc5TlkObMqNSsVU62PYzXZ/SMTjzyGAFF1YusgxGcSWTEXBhp0CPwQ1A==}
    engines: {node: '>=6'}
    dev: true

  /commander@5.1.0:
    resolution: {integrity: sha512-P0CysNDQ7rtVw4QIQtm+MRxV66vKFSvlsQvGYXZWR3qFU0jlMKHZZZgw8e+8DSah4UDKMqnknRDQz+xuQXQ/Zg==}
    engines: {node: '>= 6'}
    dev: true

  /east@2.0.3:
    resolution: {integrity: sha512-ZY0gVpOxMPs99TXSK1v+KIzR2G4yP5Sru6XNbun2ebjZCWxcTQWnYdTlzHGMd7KDmiCOuZtbh8TvelakV3BWMw==}
    engines: {node: '>=10.17.0'}
    hasBin: true
    dependencies:
      commander: 5.1.0
      expressionify: 0.9.3
      mhook: 1.0.1
      p-map: 4.0.0
      p-props: 4.0.0
      p-timeout: 3.2.0
      path-exists: 4.0.0
      underscore: 1.12.1
    dev: true

  /expressionify@0.9.3:
    resolution: {integrity: sha512-ZhmYFs8RPiRcXrDUNgABPNjtScZvShmKAKeWA6VP4c07eNCfz7B6WsAnBH+XLiDUXj8mFoX1i25pwQvuNW5PYg==}
    dev: true

  /indent-string@4.0.0:
    resolution: {integrity: sha512-EdDDZu4A2OyIK7Lr/2zG+w5jmbuk1DVBnEwREQvBzspBJkCEbRa8GxU1lghYcaGJCnRWibjDXlq779X1/y5xwg==}
    engines: {node: '>=8'}
    dev: true

  /mhook@1.0.1:
    resolution: {integrity: sha512-yWeewsGyt52Mvcx5KXgbXlJRLlMziLce3bOsK4kDaXqvXtmgdnJXcOav6ndFGzOt+d+dewNho0TOF4OrELZflA==}
    dev: true

  /p-finally@1.0.0:
    resolution: {integrity: sha512-LICb2p9CB7FS+0eR1oqWnHhp0FljGLZCWBE9aix0Uye9W8LTQPwMTYVGWQWIw9RdQiDg4+epXQODwIYJtSJaow==}
    engines: {node: '>=4'}
    dev: true

  /p-map@4.0.0:
    resolution: {integrity: sha512-/bjOqmgETBYB5BoEeGVea8dmvHb2m9GLy1E9W43yeyfP6QQCZGFNa+XRceJEuDB6zqr+gKpIAmlLebMpykw/MQ==}
    engines: {node: '>=10'}
    dependencies:
      aggregate-error: 3.1.0
    dev: true

  /p-props@4.0.0:
    resolution: {integrity: sha512-3iKFbPdoPG7Ne3cMA53JnjPsTMaIzE9gxKZnvKJJivTAeqLEZPBu6zfi6DYq9AsH1nYycWmo3sWCNI8Kz6T2Zg==}
    engines: {node: '>=10'}
    dependencies:
      p-map: 4.0.0
    dev: true

  /p-timeout@3.2.0:
    resolution: {integrity: sha512-rhIwUycgwwKcP9yTOOFK/AKsAopjjCakVqLHePO3CC6Mir1Z99xT+R63jZxAT5lFZLa2inS5h+ZS2GvR99/FBg==}
    engines: {node: '>=8'}
    dependencies:
      p-finally: 1.0.0
    dev: true

  /path-exists@4.0.0:
    resolution: {integrity: sha512-ak9Qy5Q7jYb2Wwcey5Fpvg2KoAc/ZIhLSLOSBmRmygPsGwkVVt0fZa0qrtMz+m6tJTAHfZQ8FnmB4MG4LWy7/w==}
    engines: {node: '>=8'}
    dev: true

  /surrealdb.js@0.11.0:
    resolution: {integrity: sha512-x/Qd0UYyNilwY27JZlWgP8NsCdBzDtextRzP9oIm7xO27qsZvE5Rh4wnYN0xD68zgRAE4W8Jsufbm+hKbaGsTg==}
    dependencies:
      unws: 0.2.4(ws@8.14.2)
      ws: 8.14.2
      zod: 3.22.4
    transitivePeerDependencies:
      - bufferutil
      - utf-8-validate
    dev: false

  /typescript@5.2.2:
    resolution: {integrity: sha512-mI4WrpHsbCIcwT9cF4FZvr80QUeKvsUsUvKDoR+X/7XHQH98xYD8YHZg7ANtz2GtZt/CBq2QJ0thkGJMHfqc1w==}
    engines: {node: '>=14.17'}
    hasBin: true
    dev: true

  /underscore@1.12.1:
    resolution: {integrity: sha512-hEQt0+ZLDVUMhebKxL4x1BTtDY7bavVofhZ9KZ4aI26X9SRaE+Y3m83XUL1UP2jn8ynjndwCCpEHdUG+9pP1Tw==}
    dev: true

  /undici-types@5.26.5:
    resolution: {integrity: sha512-JlCMO+ehdEIKqlFxk6IfVoAUVmgz7cU7zD/h9XZ0qzeosSHmUJVOzSQvvYSYWXkFXC+IfLKSIffhv0sVZup6pA==}
    dev: true

  /unws@0.2.4(ws@8.14.2):
    resolution: {integrity: sha512-/N1ajiqrSp0A/26/LBg7r10fOcPtGXCqJRJ61sijUFoGZMr6ESWGYn7i0cwr7fR7eEECY5HsitqtjGHDZLAu2w==}
    engines: {node: '>=16.14.0'}
    peerDependencies:
      ws: '*'
    dependencies:
      ws: 8.14.2
    dev: false

  /ws@8.14.2:
    resolution: {integrity: sha512-wEBG1ftX4jcglPxgFCMJmZ2PLtSbJ2Peg6TmpJFTbe9GZYOQCDPdMYu/Tm0/bGZkw8paZnJY45J4K2PZrLYq8g==}
    engines: {node: '>=10.0.0'}
    peerDependencies:
      bufferutil: ^4.0.1
      utf-8-validate: '>=5.0.2'
    peerDependenciesMeta:
      bufferutil:
        optional: true
      utf-8-validate:
        optional: true
    dev: false

  /zod@3.22.4:
    resolution: {integrity: sha512-iC+8Io04lddc+mVqQ9AZ7OQ2MrUKGN+oIQyq1vemgt46jwCwLfhq7/pwnBnNXXXZb8VTVLKwp9EDkx+ryxIWmg==}
    dev: false
