lockfileVersion: '6.0'

settings:
  autoInstallPeers: true
  excludeLinksFromLockfile: false

dependencies:
  surrealdb.node:
    specifier: ^0.3.0
    version: 0.3.0

devDependencies:
  typescript:
    specifier: ^5.2.2
    version: 5.2.2

packages:

  /surrealdb.node-android-arm-eabi@0.3.0:
    resolution: {integrity: sha512-upIv7DZGyadT2jkhMHTQG65ysolAIc/YfS8VVgJHXIh/9VSUH9um8uCEGqvVJoN4UgJc0V8Ise449/yxGgOKwg==}
    engines: {node: '>= 10'}
    cpu: [arm]
    os: [android]
    requiresBuild: true
    dev: false
    optional: true

  /surrealdb.node-android-arm64@0.3.0:
    resolution: {integrity: sha512-u3cVhHUSqJDgXPPHgvMf1beHWm8uNRhpXHf39AhtpRjO0eH2OARUUpIQC3QUBhIzIx9rQCLGzSIBRN8OT52YpA==}
    engines: {node: '>= 10'}
    cpu: [arm64]
    os: [android]
    requiresBuild: true
    dev: false
    optional: true

  /surrealdb.node-darwin-arm64@0.3.0:
    resolution: {integrity: sha512-5GVevP0VwrQDrewJN8d3VxCwCLU+Py0AMTctCIbLYh3F1wgYqaf9wgYSusFj3BiXsJoS0Xq1I3n7WT1apCzJ4A==}
    engines: {node: '>= 10'}
    cpu: [arm64]
    os: [darwin]
    requiresBuild: true
    dev: false
    optional: true

  /surrealdb.node-darwin-universal@0.3.0:
    resolution: {integrity: sha512-4zYDllEvLQgIgU1lR1p1CjBmU4ak8vUDtNzOorvDCsvOaYmMHUF1KTaXdUoG40/qDOVVlKEmt0WYtaFlMigpKw==}
    engines: {node: '>= 10'}
    os: [darwin]
    requiresBuild: true
    dev: false
    optional: true

  /surrealdb.node-darwin-x64@0.3.0:
    resolution: {integrity: sha512-bvLmtI/dcfc6TGzaKEFq/OYIRWJVoEV9wF9VrRFT8UvZddjmZLyNDztlTkrE77jXCgj4EDfEFdg2W4Emkl27mA==}
    engines: {node: '>= 10'}
    cpu: [x64]
    os: [darwin]
    requiresBuild: true
    dev: false
    optional: true

  /surrealdb.node-freebsd-x64@0.3.0:
    resolution: {integrity: sha512-itViKRnde+sLGlnqNFaw5LuUJeQxY8n7vDM/8Mz64Uv+6BfA3++PAy7lrzohEZGyh6M/9sRVV2qTrIiCQatq9A==}
    engines: {node: '>= 10'}
    cpu: [x64]
    os: [freebsd]
    requiresBuild: true
    dev: false
    optional: true

  /surrealdb.node-linux-arm64-gnu@0.3.0:
    resolution: {integrity: sha512-kcu64v26J2PRud/e2hOYlVfZJYPU+bsLvqt0PaYld9/64LNnTxp/F5vnKiTzBs2qARIos/YUHeT1ikuzFMm3IQ==}
    engines: {node: '>= 10'}
    cpu: [arm64]
    os: [linux]
    requiresBuild: true
    dev: false
    optional: true

  /surrealdb.node-linux-arm64-musl@0.3.0:
    resolution: {integrity: sha512-7OqCVkg05T9u5hB3Ukhn7b6BEY7LMCzL7zVXT3cg0V1KZZGlurLA+0mPiBeRwEia1ImP41KBjm1vg7yxxXhSmQ==}
    engines: {node: '>= 10'}
    cpu: [arm64]
    os: [linux]
    requiresBuild: true
    dev: false
    optional: true

  /surrealdb.node-linux-x64-gnu@0.3.0:
    resolution: {integrity: sha512-YavCv5k8g9qr1QiOqgdxVwYU+O56cWM4hOuea5SGtVMYZrh8XZMPgV5TAt/BUUoh129CBkhrDo41u0jJdcwMsA==}
    engines: {node: '>= 10'}
    cpu: [x64]
    os: [linux]
    requiresBuild: true
    dev: false
    optional: true

  /surrealdb.node-linux-x64-musl@0.3.0:
    resolution: {integrity: sha512-P40RH5o2SBX9g4OrUHte2rF2aYPRIThYyMZqdI5HDKP1rxLnajHA4SPC5C3aYrKKCHOR99bAB3Vu4ee293cdwQ==}
    engines: {node: '>= 10'}
    cpu: [x64]
    os: [linux]
    requiresBuild: true
    dev: false
    optional: true

  /surrealdb.node-win32-ia32-msvc@0.3.0:
    resolution: {integrity: sha512-jFgmgL3bK0fMFgYuAPpYHsqDy1aVO07owwtr3RezG2trJYBWriZLIH1KhnRgIAS9pLgyep+k5ST2uQc6K/V9aQ==}
    engines: {node: '>= 10'}
    cpu: [ia32]
    os: [win32]
    requiresBuild: true
    dev: false
    optional: true

  /surrealdb.node-win32-x64-msvc@0.3.0:
    resolution: {integrity: sha512-ANPEwAkdPj8b01w4tBZysCNVcmxkQLEy8bCYdKb0TAebUEpr5G1lnZM1tQbWEnLOe46hoj1ApaSVdUiohEH6pw==}
    engines: {node: '>= 10'}
    cpu: [x64]
    os: [win32]
    requiresBuild: true
    dev: false
    optional: true

  /surrealdb.node@0.3.0:
    resolution: {integrity: sha512-YckBGpyh612J/8Z8d/4bYC8rkuIXrBsmR+wxbnqUwA1BmtsKYHokB0oI6RvXqhxKS/hktGjzYft/dWQb2aJ1Xw==}
    engines: {node: '>= 10'}
    optionalDependencies:
      surrealdb.node-android-arm-eabi: 0.3.0
      surrealdb.node-android-arm64: 0.3.0
      surrealdb.node-darwin-arm64: 0.3.0
      surrealdb.node-darwin-universal: 0.3.0
      surrealdb.node-darwin-x64: 0.3.0
      surrealdb.node-freebsd-x64: 0.3.0
      surrealdb.node-linux-arm64-gnu: 0.3.0
      surrealdb.node-linux-arm64-musl: 0.3.0
      surrealdb.node-linux-x64-gnu: 0.3.0
      surrealdb.node-linux-x64-musl: 0.3.0
      surrealdb.node-win32-ia32-msvc: 0.3.0
      surrealdb.node-win32-x64-msvc: 0.3.0
    dev: false

  /typescript@5.2.2:
    resolution: {integrity: sha512-mI4WrpHsbCIcwT9cF4FZvr80QUeKvsUsUvKDoR+X/7XHQH98xYD8YHZg7ANtz2GtZt/CBq2QJ0thkGJMHfqc1w==}
    engines: {node: '>=14.17'}
    hasBin: true
    dev: true
