lockfileVersion: '6.0'

settings:
  autoInstallPeers: true
  excludeLinksFromLockfile: false

dependencies:
  surrealdb.js:
    specifier: ^0.11.0
    version: 0.11.0
  surrealdb.node:
    specifier: ^0.3.0
    version: 0.3.0

devDependencies:
  '@types/node':
    specifier: ^20.9.0
    version: 20.9.0
  east:
    specifier: ^2.0.3
    version: 2.0.3
  typescript:
    specifier: ^5.2.2
    version: 5.2.2

packages:

  /@types/node@20.9.0:
    resolution: {integrity: sha512-nekiGu2NDb1BcVofVcEKMIwzlx4NjHlcjhoxxKBNLtz15Y1z7MYf549DFvkHSId02Ax6kGwWntIBPC3l/JZcmw==}
    dependencies:
      undici-types: 5.26.5
    dev: true

  /aggregate-error@3.1.0:
    resolution: {integrity: sha512-4I7Td01quW/RpocfNayFdFVk1qSuoh0E7JrbRJ16nH01HhKFQ88INq9Sd+nd72zqRySlr9BmDA8xlEJ6vJMrYA==}
    engines: {node: '>=8'}
    dependencies:
      clean-stack: 2.2.0
      indent-string: 4.0.0
    dev: true

  /clean-stack@2.2.0:
    resolution: {integrity: sha512-4diC9HaTE+KRAMWhDhrGOECgWZxoevMc5TlkObMqNSsVU62PYzXZ/SMTjzyGAFF1YusgxGcSWTEXBhp0CPwQ1A==}
    engines: {node: '>=6'}
    dev: true

  /commander@5.1.0:
    resolution: {integrity: sha512-P0CysNDQ7rtVw4QIQtm+MRxV66vKFSvlsQvGYXZWR3qFU0jlMKHZZZgw8e+8DSah4UDKMqnknRDQz+xuQXQ/Zg==}
    engines: {node: '>= 6'}
    dev: true

  /east@2.0.3:
    resolution: {integrity: sha512-ZY0gVpOxMPs99TXSK1v+KIzR2G4yP5Sru6XNbun2ebjZCWxcTQWnYdTlzHGMd7KDmiCOuZtbh8TvelakV3BWMw==}
    engines: {node: '>=10.17.0'}
    hasBin: true
    dependencies:
      commander: 5.1.0
      expressionify: 0.9.3
      mhook: 1.0.1
      p-map: 4.0.0
      p-props: 4.0.0
      p-timeout: 3.2.0
      path-exists: 4.0.0
      underscore: 1.12.1
    dev: true

  /expressionify@0.9.3:
    resolution: {integrity: sha512-ZhmYFs8RPiRcXrDUNgABPNjtScZvShmKAKeWA6VP4c07eNCfz7B6WsAnBH+XLiDUXj8mFoX1i25pwQvuNW5PYg==}
    dev: true

  /indent-string@4.0.0:
    resolution: {integrity: sha512-EdDDZu4A2OyIK7Lr/2zG+w5jmbuk1DVBnEwREQvBzspBJkCEbRa8GxU1lghYcaGJCnRWibjDXlq779X1/y5xwg==}
    engines: {node: '>=8'}
    dev: true

  /mhook@1.0.1:
    resolution: {integrity: sha512-yWeewsGyt52Mvcx5KXgbXlJRLlMziLce3bOsK4kDaXqvXtmgdnJXcOav6ndFGzOt+d+dewNho0TOF4OrELZflA==}
    dev: true

  /p-finally@1.0.0:
    resolution: {integrity: sha512-LICb2p9CB7FS+0eR1oqWnHhp0FljGLZCWBE9aix0Uye9W8LTQPwMTYVGWQWIw9RdQiDg4+epXQODwIYJtSJaow==}
    engines: {node: '>=4'}
    dev: true

  /p-map@4.0.0:
    resolution: {integrity: sha512-/bjOqmgETBYB5BoEeGVea8dmvHb2m9GLy1E9W43yeyfP6QQCZGFNa+XRceJEuDB6zqr+gKpIAmlLebMpykw/MQ==}
    engines: {node: '>=10'}
    dependencies:
      aggregate-error: 3.1.0
    dev: true

  /p-props@4.0.0:
    resolution: {integrity: sha512-3iKFbPdoPG7Ne3cMA53JnjPsTMaIzE9gxKZnvKJJivTAeqLEZPBu6zfi6DYq9AsH1nYycWmo3sWCNI8Kz6T2Zg==}
    engines: {node: '>=10'}
    dependencies:
      p-map: 4.0.0
    dev: true

  /p-timeout@3.2.0:
    resolution: {integrity: sha512-rhIwUycgwwKcP9yTOOFK/AKsAopjjCakVqLHePO3CC6Mir1Z99xT+R63jZxAT5lFZLa2inS5h+ZS2GvR99/FBg==}
    engines: {node: '>=8'}
    dependencies:
      p-finally: 1.0.0
    dev: true

  /path-exists@4.0.0:
    resolution: {integrity: sha512-ak9Qy5Q7jYb2Wwcey5Fpvg2KoAc/ZIhLSLOSBmRmygPsGwkVVt0fZa0qrtMz+m6tJTAHfZQ8FnmB4MG4LWy7/w==}
    engines: {node: '>=8'}
    dev: true

  /surrealdb.js@0.11.0:
    resolution: {integrity: sha512-x/Qd0UYyNilwY27JZlWgP8NsCdBzDtextRzP9oIm7xO27qsZvE5Rh4wnYN0xD68zgRAE4W8Jsufbm+hKbaGsTg==}
    dependencies:
      unws: 0.2.4(ws@8.14.2)
      ws: 8.14.2
      zod: 3.22.4
    transitivePeerDependencies:
      - bufferutil
      - utf-8-validate
    dev: false

  /surrealdb.node-android-arm-eabi@0.3.0:
    resolution: {integrity: sha512-upIv7DZGyadT2jkhMHTQG65ysolAIc/YfS8VVgJHXIh/9VSUH9um8uCEGqvVJoN4UgJc0V8Ise449/yxGgOKwg==}
    engines: {node: '>= 10'}
    cpu: [arm]
    os: [android]
    requiresBuild: true
    dev: false
    optional: true

  /surrealdb.node-android-arm64@0.3.0:
    resolution: {integrity: sha512-u3cVhHUSqJDgXPPHgvMf1beHWm8uNRhpXHf39AhtpRjO0eH2OARUUpIQC3QUBhIzIx9rQCLGzSIBRN8OT52YpA==}
    engines: {node: '>= 10'}
    cpu: [arm64]
    os: [android]
    requiresBuild: true
    dev: false
    optional: true

  /surrealdb.node-darwin-arm64@0.3.0:
    resolution: {integrity: sha512-5GVevP0VwrQDrewJN8d3VxCwCLU+Py0AMTctCIbLYh3F1wgYqaf9wgYSusFj3BiXsJoS0Xq1I3n7WT1apCzJ4A==}
    engines: {node: '>= 10'}
    cpu: [arm64]
    os: [darwin]
    requiresBuild: true
    dev: false
    optional: true

  /surrealdb.node-darwin-universal@0.3.0:
    resolution: {integrity: sha512-4zYDllEvLQgIgU1lR1p1CjBmU4ak8vUDtNzOorvDCsvOaYmMHUF1KTaXdUoG40/qDOVVlKEmt0WYtaFlMigpKw==}
    engines: {node: '>= 10'}
    os: [darwin]
    requiresBuild: true
    dev: false
    optional: true

  /surrealdb.node-darwin-x64@0.3.0:
    resolution: {integrity: sha512-bvLmtI/dcfc6TGzaKEFq/OYIRWJVoEV9wF9VrRFT8UvZddjmZLyNDztlTkrE77jXCgj4EDfEFdg2W4Emkl27mA==}
    engines: {node: '>= 10'}
    cpu: [x64]
    os: [darwin]
    requiresBuild: true
    dev: false
    optional: true

  /surrealdb.node-freebsd-x64@0.3.0:
    resolution: {integrity: sha512-itViKRnde+sLGlnqNFaw5LuUJeQxY8n7vDM/8Mz64Uv+6BfA3++PAy7lrzohEZGyh6M/9sRVV2qTrIiCQatq9A==}
    engines: {node: '>= 10'}
    cpu: [x64]
    os: [freebsd]
    requiresBuild: true
    dev: false
    optional: true

  /surrealdb.node-linux-arm64-gnu@0.3.0:
    resolution: {integrity: sha512-kcu64v26J2PRud/e2hOYlVfZJYPU+bsLvqt0PaYld9/64LNnTxp/F5vnKiTzBs2qARIos/YUHeT1ikuzFMm3IQ==}
    engines: {node: '>= 10'}
    cpu: [arm64]
    os: [linux]
    requiresBuild: true
    dev: false
    optional: true

  /surrealdb.node-linux-arm64-musl@0.3.0:
    resolution: {integrity: sha512-7OqCVkg05T9u5hB3Ukhn7b6BEY7LMCzL7zVXT3cg0V1KZZGlurLA+0mPiBeRwEia1ImP41KBjm1vg7yxxXhSmQ==}
    engines: {node: '>= 10'}
    cpu: [arm64]
    os: [linux]
    requiresBuild: true
    dev: false
    optional: true

  /surrealdb.node-linux-x64-gnu@0.3.0:
    resolution: {integrity: sha512-YavCv5k8g9qr1QiOqgdxVwYU+O56cWM4hOuea5SGtVMYZrh8XZMPgV5TAt/BUUoh129CBkhrDo41u0jJdcwMsA==}
    engines: {node: '>= 10'}
    cpu: [x64]
    os: [linux]
    requiresBuild: true
    dev: false
    optional: true

  /surrealdb.node-linux-x64-musl@0.3.0:
    resolution: {integrity: sha512-P40RH5o2SBX9g4OrUHte2rF2aYPRIThYyMZqdI5HDKP1rxLnajHA4SPC5C3aYrKKCHOR99bAB3Vu4ee293cdwQ==}
    engines: {node: '>= 10'}
    cpu: [x64]
    os: [linux]
    requiresBuild: true
    dev: false
    optional: true

  /surrealdb.node-win32-ia32-msvc@0.3.0:
    resolution: {integrity: sha512-jFgmgL3bK0fMFgYuAPpYHsqDy1aVO07owwtr3RezG2trJYBWriZLIH1KhnRgIAS9pLgyep+k5ST2uQc6K/V9aQ==}
    engines: {node: '>= 10'}
    cpu: [ia32]
    os: [win32]
    requiresBuild: true
    dev: false
    optional: true

  /surrealdb.node-win32-x64-msvc@0.3.0:
    resolution: {integrity: sha512-ANPEwAkdPj8b01w4tBZysCNVcmxkQLEy8bCYdKb0TAebUEpr5G1lnZM1tQbWEnLOe46hoj1ApaSVdUiohEH6pw==}
    engines: {node: '>= 10'}
    cpu: [x64]
    os: [win32]
    requiresBuild: true
    dev: false
    optional: true

  /surrealdb.node@0.3.0:
    resolution: {integrity: sha512-YckBGpyh612J/8Z8d/4bYC8rkuIXrBsmR+wxbnqUwA1BmtsKYHokB0oI6RvXqhxKS/hktGjzYft/dWQb2aJ1Xw==}
    engines: {node: '>= 10'}
    optionalDependencies:
      surrealdb.node-android-arm-eabi: 0.3.0
      surrealdb.node-android-arm64: 0.3.0
      surrealdb.node-darwin-arm64: 0.3.0
      surrealdb.node-darwin-universal: 0.3.0
      surrealdb.node-darwin-x64: 0.3.0
      surrealdb.node-freebsd-x64: 0.3.0
      surrealdb.node-linux-arm64-gnu: 0.3.0
      surrealdb.node-linux-arm64-musl: 0.3.0
      surrealdb.node-linux-x64-gnu: 0.3.0
      surrealdb.node-linux-x64-musl: 0.3.0
      surrealdb.node-win32-ia32-msvc: 0.3.0
      surrealdb.node-win32-x64-msvc: 0.3.0
    dev: false

  /typescript@5.2.2:
    resolution: {integrity: sha512-mI4WrpHsbCIcwT9cF4FZvr80QUeKvsUsUvKDoR+X/7XHQH98xYD8YHZg7ANtz2GtZt/CBq2QJ0thkGJMHfqc1w==}
    engines: {node: '>=14.17'}
    hasBin: true
    dev: true

  /underscore@1.12.1:
    resolution: {integrity: sha512-hEQt0+ZLDVUMhebKxL4x1BTtDY7bavVofhZ9KZ4aI26X9SRaE+Y3m83XUL1UP2jn8ynjndwCCpEHdUG+9pP1Tw==}
    dev: true

  /undici-types@5.26.5:
    resolution: {integrity: sha512-JlCMO+ehdEIKqlFxk6IfVoAUVmgz7cU7zD/h9XZ0qzeosSHmUJVOzSQvvYSYWXkFXC+IfLKSIffhv0sVZup6pA==}
    dev: true

  /unws@0.2.4(ws@8.14.2):
    resolution: {integrity: sha512-/N1ajiqrSp0A/26/LBg7r10fOcPtGXCqJRJ61sijUFoGZMr6ESWGYn7i0cwr7fR7eEECY5HsitqtjGHDZLAu2w==}
    engines: {node: '>=16.14.0'}
    peerDependencies:
      ws: '*'
    dependencies:
      ws: 8.14.2
    dev: false

  /ws@8.14.2:
    resolution: {integrity: sha512-wEBG1ftX4jcglPxgFCMJmZ2PLtSbJ2Peg6TmpJFTbe9GZYOQCDPdMYu/Tm0/bGZkw8paZnJY45J4K2PZrLYq8g==}
    engines: {node: '>=10.0.0'}
    peerDependencies:
      bufferutil: ^4.0.1
      utf-8-validate: '>=5.0.2'
    peerDependenciesMeta:
      bufferutil:
        optional: true
      utf-8-validate:
        optional: true
    dev: false

  /zod@3.22.4:
    resolution: {integrity: sha512-iC+8Io04lddc+mVqQ9AZ7OQ2MrUKGN+oIQyq1vemgt46jwCwLfhq7/pwnBnNXXXZb8VTVLKwp9EDkx+ryxIWmg==}
    dev: false
